<?xml version="1.0" encoding="utf-8"?>
<Project ToolsVersion="4.0" xmlns="http://schemas.microsoft.com/developer/msbuild/2003">
  <ItemGroup>
    <Filter Include="events">
      <UniqueIdentifier>{93995380-89BD-4b04-88EB-625FBE52EBFB}</UniqueIdentifier>
      <Extensions>h;hpp;hxx;hm;inl;inc;xsd</Extensions>
    </Filter>
    <Filter Include="models">
      <UniqueIdentifier>{67DA6AB6-F800-4c08-8B7A-83BB121AAD01}</UniqueIdentifier>
      <Extensions>rc;ico;cur;bmp;dlg;rc2;rct;bin;rgs;gif;jpg;jpeg;jpe;resx;tiff;tif;png;wav;mfcribbon-ms</Extensions>
    </Filter>
    <Filter Include="presenters">
      <UniqueIdentifier>{4FC737F1-C7A5-4376-A066-2A32D752A2FF}</UniqueIdentifier>
      <Extensions>cpp;c;cc;cxx;def;odl;idl;hpj;bat;asm;asmx</Extensions>
    </Filter>
    <Filter Include="libs">
      <UniqueIdentifier>{02d344f8-1f7c-4304-aa1c-3fb97baf70d6}</UniqueIdentifier>
    </Filter>
    <Filter Include="libs\apdos">
      <UniqueIdentifier>{bd36fb5a-ec74-4b4d-a553-9c33fc04ff83}</UniqueIdentifier>
    </Filter>
    <Filter Include="libs\apdos\kernel">
      <UniqueIdentifier>{cbd87a08-5dad-4e75-ac0c-0bded8082b46}</UniqueIdentifier>
    </Filter>
    <Filter Include="libs\apdos\kernel\actor">
      <UniqueIdentifier>{ba4eef0d-1f5d-41c3-a88e-869e46ab27cc}</UniqueIdentifier>
    </Filter>
    <Filter Include="libs\apdos\plugins">
      <UniqueIdentifier>{09a21690-5ab7-4fd1-9345-7d0def8f71ba}</UniqueIdentifier>
    </Filter>
    <Filter Include="libs\apdos\kernel\event">
      <UniqueIdentifier>{de2d0bd6-028a-4202-ac3b-67311ef13b2e}</UniqueIdentifier>
    </Filter>
    <Filter Include="libs\apdos\libs">
      <UniqueIdentifier>{d29fb966-9485-48b7-9bfd-dedcbed94ada}</UniqueIdentifier>
    </Filter>
    <Filter Include="libs\apdos\libs\json">
      <UniqueIdentifier>{d4b51377-3419-40fe-919a-5cc17e1fc378}</UniqueIdentifier>
    </Filter>
    <Filter Include="libs\apdos\kernel\actor\events">
      <UniqueIdentifier>{9ff23ff5-0bd7-4fba-97dc-2606110eec75}</UniqueIdentifier>
    </Filter>
    <Filter Include="libs\apdos\kernel\actor\errors">
      <UniqueIdentifier>{c7b991d7-1adc-456a-ba83-2bd300e86e2f}</UniqueIdentifier>
    </Filter>
  </ItemGroup>
  <ItemGroup>
    <ClInclude Include="events\req_login.h">
      <Filter>events</Filter>
    </ClInclude>
    <ClInclude Include="events\res_login.h">
      <Filter>events</Filter>
    </ClInclude>
    <ClInclude Include="libs\apdos\kernel\kernel.h">
      <Filter>libs\apdos\kernel</Filter>
    </ClInclude>
    <ClInclude Include="libs\apdos\kernel\actor\actor.h">
      <Filter>libs\apdos\kernel\actor</Filter>
    </ClInclude>
    <ClInclude Include="libs\apdos\kernel\actor\actor_connecter.h">
      <Filter>libs\apdos\kernel\actor</Filter>
    </ClInclude>
    <ClInclude Include="libs\apdos\kernel\actor\component.h">
      <Filter>libs\apdos\kernel\actor</Filter>
    </ClInclude>
    <ClInclude Include="libs\apdos\kernel\event\event.h">
      <Filter>libs\apdos\kernel\event</Filter>
    </ClInclude>
    <ClInclude Include="libs\apdos\libs\json\autolink.h">
      <Filter>libs\apdos\libs\json</Filter>
    </ClInclude>
    <ClInclude Include="libs\apdos\libs\json\config.h">
      <Filter>libs\apdos\libs\json</Filter>
    </ClInclude>
    <ClInclude Include="libs\apdos\libs\json\features.h">
      <Filter>libs\apdos\libs\json</Filter>
    </ClInclude>
    <ClInclude Include="libs\apdos\libs\json\forwards.h">
      <Filter>libs\apdos\libs\json</Filter>
    </ClInclude>
    <ClInclude Include="libs\apdos\libs\json\json.h">
      <Filter>libs\apdos\libs\json</Filter>
    </ClInclude>
    <ClInclude Include="libs\apdos\libs\json\json_batchallocator.h">
      <Filter>libs\apdos\libs\json</Filter>
    </ClInclude>
    <ClInclude Include="libs\apdos\libs\json\reader.h">
      <Filter>libs\apdos\libs\json</Filter>
    </ClInclude>
    <ClInclude Include="libs\apdos\libs\json\value.h">
      <Filter>libs\apdos\libs\json</Filter>
    </ClInclude>
    <ClInclude Include="libs\apdos\libs\json\writer.h">
      <Filter>libs\apdos\libs\json</Filter>
    </ClInclude>
    <ClInclude Include="libs\apdos\kernel\actor\events\proxy_event.h">
      <Filter>libs\apdos\kernel\actor\events</Filter>
    </ClInclude>
  </ItemGroup>
  <ItemGroup>
    <ClCompile Include="events\res_login.cpp">
      <Filter>events</Filter>
    </ClCompile>
    <ClCompile Include="events\req_login.cpp">
      <Filter>events</Filter>
    </ClCompile>
    <ClCompile Include="libs\apdos\kernel\kernel.cpp">
      <Filter>libs\apdos\kernel</Filter>
    </ClCompile>
    <ClCompile Include="libs\apdos\kernel\actor\actor.cpp">
      <Filter>libs\apdos\kernel\actor</Filter>
    </ClCompile>
    <ClCompile Include="libs\apdos\kernel\actor\actor_connecter.cpp">
      <Filter>libs\apdos\kernel\actor</Filter>
    </ClCompile>
    <ClCompile Include="libs\apdos\kernel\actor\component.cpp">
      <Filter>libs\apdos\kernel\actor</Filter>
    </ClCompile>
    <ClCompile Include="libs\apdos\kernel\event\event.cpp">
      <Filter>libs\apdos\kernel\event</Filter>
    </ClCompile>
    <ClCompile Include="libs\apdos\libs\json\json_reader.cpp">
      <Filter>libs\apdos\libs\json</Filter>
    </ClCompile>
    <ClCompile Include="libs\apdos\libs\json\json_value.cpp">
      <Filter>libs\apdos\libs\json</Filter>
    </ClCompile>
    <ClCompile Include="libs\apdos\libs\json\json_writer.cpp">
      <Filter>libs\apdos\libs\json</Filter>
    </ClCompile>
    <ClCompile Include="libs\apdos\kernel\actor\events\proxy_event.cpp">
      <Filter>libs\apdos\kernel\actor\events</Filter>
    </ClCompile>
  </ItemGroup>
  <ItemGroup>
    <None Include="libs\apdos\libs\json\json_internalarray.inl">
      <Filter>libs\apdos\libs\json</Filter>
    </None>
    <None Include="libs\apdos\libs\json\json_internalmap.inl">
      <Filter>libs\apdos\libs\json</Filter>
    </None>
    <None Include="libs\apdos\libs\json\json_valueiterator.inl">
      <Filter>libs\apdos\libs\json</Filter>
    </None>
    <None Include="libs\apdos\libs\json\sconscript">
      <Filter>libs\apdos\libs\json</Filter>
    </None>
  </ItemGroup>
</Project>